
Microsoft Visual Studio Solution File, Format Version 12.00
# Visual Studio Version 17
VisualStudioVersion = 17.11.35303.130
MinimumVisualStudioVersion = 10.0.40219.1
Project("{FAE04EC0-301F-11D3-BF4B-00C04F79EFBC}") = "MarvelAPI", "MarvelAPI\MarvelAPI.csproj", "{19312237-739E-4CE4-AD59-029BE2B3D336}"
EndProject
Global
	GlobalSection(SolutionConfigurationPlatforms) = preSolution
		Debug|Any CPU = Debug|Any CPU
		Release|Any CPU = Release|Any CPU
	EndGlobalSection
	GlobalSection(ProjectConfigurationPlatforms) = postSolution
		{19312237-739E-4CE4-AD59-029BE2B3D336}.Debug|Any CPU.ActiveCfg = Debug|Any CPU
		{19312237-739E-4CE4-AD59-029BE2B3D336}.Debug|Any CPU.Build.0 = Debug|Any CPU
		{19312237-739E-4CE4-AD59-029BE2B3D336}.Release|Any CPU.ActiveCfg = Release|Any CPU
		{19312237-739E-4CE4-AD59-029BE2B3D336}.Release|Any CPU.Build.0 = Release|Any CPU
	EndGlobalSection
	GlobalSection(SolutionProperties) = preSolution
		HideSolutionNode = FALSE
	EndGlobalSection
	GlobalSection(ExtensibilityGlobals) = postSolution
		SolutionGuid = {902C880B-2A8C-447C-BFFF-23EC12EB5B9C}
	EndGlobalSection
EndGlobal
